
Microsoft Visual Studio Solution File, Format Version 12.00
# Visual Studio Version 16
VisualStudioVersion = 16.0.28803.352
MinimumVisualStudioVersion = 10.0.40219.1
Project("{9A19103F-16F7-4668-BE54-9A1E7A4F7556}") = "BlockChainFull", "BlockChain\BlockChainFull.csproj", "{2824BF84-3832-44B1-A101-08ACC39CDB85}"
EndProject
Project("{9A19103F-16F7-4668-BE54-9A1E7A4F7556}") = "BlockChainValidaBlocchi", "..\..\..\..\Desktop\blockchain-database-unimol-verifica-validita\BlockChain\BlockChainValidaBlocchi.csproj", "{853856FF-D9E0-40A7-8195-66F00674529C}"
EndProject
Global
	GlobalSection(SolutionConfigurationPlatforms) = preSolution
		Debug|Any CPU = Debug|Any CPU
		Release|Any CPU = Release|Any CPU
	EndGlobalSection
	GlobalSection(ProjectConfigurationPlatforms) = postSolution
		{2824BF84-3832-44B1-A101-08ACC39CDB85}.Debug|Any CPU.ActiveCfg = Debug|Any CPU
		{2824BF84-3832-44B1-A101-08ACC39CDB85}.Debug|Any CPU.Build.0 = Debug|Any CPU
		{2824BF84-3832-44B1-A101-08ACC39CDB85}.Release|Any CPU.ActiveCfg = Release|Any CPU
		{2824BF84-3832-44B1-A101-08ACC39CDB85}.Release|Any CPU.Build.0 = Release|Any CPU
		{853856FF-D9E0-40A7-8195-66F00674529C}.Debug|Any CPU.ActiveCfg = Debug|Any CPU
		{853856FF-D9E0-40A7-8195-66F00674529C}.Debug|Any CPU.Build.0 = Debug|Any CPU
		{853856FF-D9E0-40A7-8195-66F00674529C}.Release|Any CPU.ActiveCfg = Release|Any CPU
		{853856FF-D9E0-40A7-8195-66F00674529C}.Release|Any CPU.Build.0 = Release|Any CPU
	EndGlobalSection
	GlobalSection(SolutionProperties) = preSolution
		HideSolutionNode = FALSE
	EndGlobalSection
	GlobalSection(ExtensibilityGlobals) = postSolution
		SolutionGuid = {D6FFDA49-6A19-4710-BE7C-57AC599D1BDC}
	EndGlobalSection
EndGlobal
